
Microsoft Visual Studio Solution File, Format Version 12.00
# Visual Studio Version 17
VisualStudioVersion = 17.6.33815.320
MinimumVisualStudioVersion = 10.0.40219.1
Project("{FAE04EC0-301F-11D3-BF4B-00C04F79EFBC}") = "Cafe Management System 2021-CE-1", "Cafe Management System 2021-CE-1\Cafe Management System 2021-CE-1.csproj", "{F6B167ED-7072-41D5-8B32-1DE6E00D03AA}"
EndProject
Global
	GlobalSection(SolutionConfigurationPlatforms) = preSolution
		Debug|Any CPU = Debug|Any CPU
		Release|Any CPU = Release|Any CPU
	EndGlobalSection
	GlobalSection(ProjectConfigurationPlatforms) = postSolution
		{F6B167ED-7072-41D5-8B32-1DE6E00D03AA}.Debug|Any CPU.ActiveCfg = Debug|Any CPU
		{F6B167ED-7072-41D5-8B32-1DE6E00D03AA}.Debug|Any CPU.Build.0 = Debug|Any CPU
		{F6B167ED-7072-41D5-8B32-1DE6E00D03AA}.Release|Any CPU.ActiveCfg = Release|Any CPU
		{F6B167ED-7072-41D5-8B32-1DE6E00D03AA}.Release|Any CPU.Build.0 = Release|Any CPU
	EndGlobalSection
	GlobalSection(SolutionProperties) = preSolution
		HideSolutionNode = FALSE
	EndGlobalSection
	GlobalSection(ExtensibilityGlobals) = postSolution
		SolutionGuid = {9CCC25D1-7AC6-46E6-A8FA-8EFDD48A7BE2}
	EndGlobalSection
EndGlobal
